// !$*UTF8*$!
{
	archiveVersion = 1;
	classes = {
	};
	objectVersion = 55;
	objects = {

/* Begin PBXBuildFile section */
		5F64A1B128D0CD3800019CF0 /* AppDelegate.swift in Sources */ = {isa = PBXBuildFile; fileRef = 5F64A1B028D0CD3800019CF0 /* AppDelegate.swift */; };
		5F64A1B328D0CD3800019CF0 /* SceneDelegate.swift in Sources */ = {isa = PBXBuildFile; fileRef = 5F64A1B228D0CD3800019CF0 /* SceneDelegate.swift */; };
		5F64A1B528D0CD3800019CF0 /* HomeViewController.swift in Sources */ = {isa = PBXBuildFile; fileRef = 5F64A1B428D0CD3800019CF0 /* HomeViewController.swift */; };
		5F64A1B828D0CD3800019CF0 /* Main.storyboard in Resources */ = {isa = PBXBuildFile; fileRef = 5F64A1B628D0CD3800019CF0 /* Main.storyboard */; };
		5F64A1BA28D0CD3C00019CF0 /* Assets.xcassets in Resources */ = {isa = PBXBuildFile; fileRef = 5F64A1B928D0CD3C00019CF0 /* Assets.xcassets */; };
		5F64A1BD28D0CD3C00019CF0 /* LaunchScreen.storyboard in Resources */ = {isa = PBXBuildFile; fileRef = 5F64A1BB28D0CD3C00019CF0 /* LaunchScreen.storyboard */; };
		5F64A1C728D0D08A00019CF0 /* HomeInteractor.swift in Sources */ = {isa = PBXBuildFile; fileRef = 5F64A1C628D0D08A00019CF0 /* HomeInteractor.swift */; };
		5F64A1C928D0D0BF00019CF0 /* HomePresenter.swift in Sources */ = {isa = PBXBuildFile; fileRef = 5F64A1C828D0D0BF00019CF0 /* HomePresenter.swift */; };
		5F64A1CB28D0D1A700019CF0 /* HomeWorker.swift in Sources */ = {isa = PBXBuildFile; fileRef = 5F64A1CA28D0D1A700019CF0 /* HomeWorker.swift */; };
		5F64A1CE28D0D26300019CF0 /* Alamofire in Frameworks */ = {isa = PBXBuildFile; productRef = 5F64A1CD28D0D26300019CF0 /* Alamofire */; };
		5F64A1D428D1449800019CF0 /* LogoCell.swift in Sources */ = {isa = PBXBuildFile; fileRef = 5F64A1D328D1449800019CF0 /* LogoCell.swift */; };
		5F64A1D728D145D500019CF0 /* SDWebImage in Frameworks */ = {isa = PBXBuildFile; productRef = 5F64A1D628D145D500019CF0 /* SDWebImage */; };
		5F64A1DC28D1500C00019CF0 /* HomeRouter.swift in Sources */ = {isa = PBXBuildFile; fileRef = 5F64A1DB28D1500C00019CF0 /* HomeRouter.swift */; };
		5F64A1DF28D1505800019CF0 /* DetailViewController.swift in Sources */ = {isa = PBXBuildFile; fileRef = 5F64A1DE28D1505800019CF0 /* DetailViewController.swift */; };
		5F64A1E128D153B600019CF0 /* DetailInteractor.swift in Sources */ = {isa = PBXBuildFile; fileRef = 5F64A1E028D153B600019CF0 /* DetailInteractor.swift */; };
		5F64A1E328D1540700019CF0 /* DetailPresenter.swift in Sources */ = {isa = PBXBuildFile; fileRef = 5F64A1E228D1540700019CF0 /* DetailPresenter.swift */; };
		5F64A1E628D1562200019CF0 /* Team.swift in Sources */ = {isa = PBXBuildFile; fileRef = 5F64A1E528D1562200019CF0 /* Team.swift */; };
		5F64A1E828D1564100019CF0 /* SearchTeamResponse.swift in Sources */ = {isa = PBXBuildFile; fileRef = 5F64A1E728D1564100019CF0 /* SearchTeamResponse.swift */; };
/* End PBXBuildFile section */

/* Begin PBXFileReference section */
		5F64A1AD28D0CD3800019CF0 /* FDJTest.app */ = {isa = PBXFileReference; explicitFileType = wrapper.application; includeInIndex = 0; path = FDJTest.app; sourceTree = BUILT_PRODUCTS_DIR; };
		5F64A1B028D0CD3800019CF0 /* AppDelegate.swift */ = {isa = PBXFileReference; lastKnownFileType = sourcecode.swift; path = AppDelegate.swift; sourceTree = "<group>"; };
		5F64A1B228D0CD3800019CF0 /* SceneDelegate.swift */ = {isa = PBXFileReference; lastKnownFileType = sourcecode.swift; path = SceneDelegate.swift; sourceTree = "<group>"; };
		5F64A1B428D0CD3800019CF0 /* HomeViewController.swift */ = {isa = PBXFileReference; lastKnownFileType = sourcecode.swift; path = HomeViewController.swift; sourceTree = "<group>"; };
		5F64A1B728D0CD3800019CF0 /* Base */ = {isa = PBXFileReference; lastKnownFileType = file.storyboard; name = Base; path = Base.lproj/Main.storyboard; sourceTree = "<group>"; };
		5F64A1B928D0CD3C00019CF0 /* Assets.xcassets */ = {isa = PBXFileReference; lastKnownFileType = folder.assetcatalog; path = Assets.xcassets; sourceTree = "<group>"; };
		5F64A1BC28D0CD3C00019CF0 /* Base */ = {isa = PBXFileReference; lastKnownFileType = file.storyboard; name = Base; path = Base.lproj/LaunchScreen.storyboard; sourceTree = "<group>"; };
		5F64A1BE28D0CD3C00019CF0 /* Info.plist */ = {isa = PBXFileReference; lastKnownFileType = text.plist.xml; path = Info.plist; sourceTree = "<group>"; };
		5F64A1C628D0D08A00019CF0 /* HomeInteractor.swift */ = {isa = PBXFileReference; lastKnownFileType = sourcecode.swift; path = HomeInteractor.swift; sourceTree = "<group>"; };
		5F64A1C828D0D0BF00019CF0 /* HomePresenter.swift */ = {isa = PBXFileReference; lastKnownFileType = sourcecode.swift; path = HomePresenter.swift; sourceTree = "<group>"; };
		5F64A1CA28D0D1A700019CF0 /* HomeWorker.swift */ = {isa = PBXFileReference; lastKnownFileType = sourcecode.swift; path = HomeWorker.swift; sourceTree = "<group>"; };
		5F64A1D328D1449800019CF0 /* LogoCell.swift */ = {isa = PBXFileReference; lastKnownFileType = sourcecode.swift; path = LogoCell.swift; sourceTree = "<group>"; };
		5F64A1DB28D1500C00019CF0 /* HomeRouter.swift */ = {isa = PBXFileReference; lastKnownFileType = sourcecode.swift; path = HomeRouter.swift; sourceTree = "<group>"; };
		5F64A1DE28D1505800019CF0 /* DetailViewController.swift */ = {isa = PBXFileReference; lastKnownFileType = sourcecode.swift; path = DetailViewController.swift; sourceTree = "<group>"; };
		5F64A1E028D153B600019CF0 /* DetailInteractor.swift */ = {isa = PBXFileReference; lastKnownFileType = sourcecode.swift; path = DetailInteractor.swift; sourceTree = "<group>"; };
		5F64A1E228D1540700019CF0 /* DetailPresenter.swift */ = {isa = PBXFileReference; lastKnownFileType = sourcecode.swift; path = DetailPresenter.swift; sourceTree = "<group>"; };
		5F64A1E528D1562200019CF0 /* Team.swift */ = {isa = PBXFileReference; lastKnownFileType = sourcecode.swift; path = Team.swift; sourceTree = "<group>"; };
		5F64A1E728D1564100019CF0 /* SearchTeamResponse.swift */ = {isa = PBXFileReference; lastKnownFileType = sourcecode.swift; path = SearchTeamResponse.swift; sourceTree = "<group>"; };
/* End PBXFileReference section */

/* Begin PBXFrameworksBuildPhase section */
		5F64A1AA28D0CD3800019CF0 /* Frameworks */ = {
			isa = PBXFrameworksBuildPhase;
			buildActionMask = 2147483647;
			files = (
				5F64A1D728D145D500019CF0 /* SDWebImage in Frameworks */,
				5F64A1CE28D0D26300019CF0 /* Alamofire in Frameworks */,
			);
			runOnlyForDeploymentPostprocessing = 0;
		};
/* End PBXFrameworksBuildPhase section */

/* Begin PBXGroup section */
		5F64A1A428D0CD3800019CF0 = {
			isa = PBXGroup;
			children = (
				5F64A1AF28D0CD3800019CF0 /* FDJTest */,
				5F64A1AE28D0CD3800019CF0 /* Products */,
			);
			sourceTree = "<group>";
		};
		5F64A1AE28D0CD3800019CF0 /* Products */ = {
			isa = PBXGroup;
			children = (
				5F64A1AD28D0CD3800019CF0 /* FDJTest.app */,
			);
			name = Products;
			sourceTree = "<group>";
		};
		5F64A1AF28D0CD3800019CF0 /* FDJTest */ = {
			isa = PBXGroup;
			children = (
				5F64A1D028D0D32000019CF0 /* Scenes */,
				5F64A1CF28D0D31600019CF0 /* Models */,
				5F64A1B028D0CD3800019CF0 /* AppDelegate.swift */,
				5F64A1B228D0CD3800019CF0 /* SceneDelegate.swift */,
				5F64A1B628D0CD3800019CF0 /* Main.storyboard */,
				5F64A1B928D0CD3C00019CF0 /* Assets.xcassets */,
				5F64A1BB28D0CD3C00019CF0 /* LaunchScreen.storyboard */,
				5F64A1BE28D0CD3C00019CF0 /* Info.plist */,
			);
			path = FDJTest;
			sourceTree = "<group>";
		};
		5F64A1CF28D0D31600019CF0 /* Models */ = {
			isa = PBXGroup;
			children = (
				5F64A1E528D1562200019CF0 /* Team.swift */,
				5F64A1E728D1564100019CF0 /* SearchTeamResponse.swift */,
			);
			path = Models;
			sourceTree = "<group>";
		};
		5F64A1D028D0D32000019CF0 /* Scenes */ = {
			isa = PBXGroup;
			children = (
				5F64A1DD28D1503C00019CF0 /* Detail */,
				5F64A1D128D0D32D00019CF0 /* Home */,
			);
			path = Scenes;
			sourceTree = "<group>";
		};
		5F64A1D128D0D32D00019CF0 /* Home */ = {
			isa = PBXGroup;
			children = (
				5F64A1D228D0DEF400019CF0 /* Cell */,
				5F64A1C628D0D08A00019CF0 /* HomeInteractor.swift */,
				5F64A1C828D0D0BF00019CF0 /* HomePresenter.swift */,
				5F64A1B428D0CD3800019CF0 /* HomeViewController.swift */,
				5F64A1CA28D0D1A700019CF0 /* HomeWorker.swift */,
				5F64A1DB28D1500C00019CF0 /* HomeRouter.swift */,
			);
			path = Home;
			sourceTree = "<group>";
		};
		5F64A1D228D0DEF400019CF0 /* Cell */ = {
			isa = PBXGroup;
			children = (
				5F64A1D328D1449800019CF0 /* LogoCell.swift */,
			);
			path = Cell;
			sourceTree = "<group>";
		};
		5F64A1DD28D1503C00019CF0 /* Detail */ = {
			isa = PBXGroup;
			children = (
				5F64A1DE28D1505800019CF0 /* DetailViewController.swift */,
				5F64A1E028D153B600019CF0 /* DetailInteractor.swift */,
				5F64A1E228D1540700019CF0 /* DetailPresenter.swift */,
			);
			path = Detail;
			sourceTree = "<group>";
		};
/* End PBXGroup section */

/* Begin PBXNativeTarget section */
		5F64A1AC28D0CD3800019CF0 /* FDJTest */ = {
			isa = PBXNativeTarget;
			buildConfigurationList = 5F64A1C128D0CD3C00019CF0 /* Build configuration list for PBXNativeTarget "FDJTest" */;
			buildPhases = (
				5F64A1A928D0CD3800019CF0 /* Sources */,
				5F64A1AA28D0CD3800019CF0 /* Frameworks */,
				5F64A1AB28D0CD3800019CF0 /* Resources */,
			);
			buildRules = (
			);
			dependencies = (
			);
			name = FDJTest;
			packageProductDependencies = (
				5F64A1CD28D0D26300019CF0 /* Alamofire */,
				5F64A1D628D145D500019CF0 /* SDWebImage */,
			);
			productName = FDJTest;
			productReference = 5F64A1AD28D0CD3800019CF0 /* FDJTest.app */;
			productType = "com.apple.product-type.application";
		};
/* End PBXNativeTarget section */

/* Begin PBXProject section */
		5F64A1A528D0CD3800019CF0 /* Project object */ = {
			isa = PBXProject;
			attributes = {
				BuildIndependentTargetsInParallel = 1;
				LastSwiftUpdateCheck = 1340;
				LastUpgradeCheck = 1340;
				TargetAttributes = {
					5F64A1AC28D0CD3800019CF0 = {
						CreatedOnToolsVersion = 13.4.1;
					};
				};
			};
			buildConfigurationList = 5F64A1A828D0CD3800019CF0 /* Build configuration list for PBXProject "FDJTest" */;
			compatibilityVersion = "Xcode 13.0";
			developmentRegion = en;
			hasScannedForEncodings = 0;
			knownRegions = (
				en,
				Base,
			);
			mainGroup = 5F64A1A428D0CD3800019CF0;
			packageReferences = (
				5F64A1CC28D0D26300019CF0 /* XCRemoteSwiftPackageReference "Alamofire" */,
				5F64A1D528D145D500019CF0 /* XCRemoteSwiftPackageReference "SDWebImage" */,
			);
			productRefGroup = 5F64A1AE28D0CD3800019CF0 /* Products */;
			projectDirPath = "";
			projectRoot = "";
			targets = (
				5F64A1AC28D0CD3800019CF0 /* FDJTest */,
			);
		};
/* End PBXProject section */

/* Begin PBXResourcesBuildPhase section */
		5F64A1AB28D0CD3800019CF0 /* Resources */ = {
			isa = PBXResourcesBuildPhase;
			buildActionMask = 2147483647;
			files = (
				5F64A1BD28D0CD3C00019CF0 /* LaunchScreen.storyboard in Resources */,
				5F64A1BA28D0CD3C00019CF0 /* Assets.xcassets in Resources */,
				5F64A1B828D0CD3800019CF0 /* Main.storyboard in Resources */,
			);
			runOnlyForDeploymentPostprocessing = 0;
		};
/* End PBXResourcesBuildPhase section */

/* Begin PBXSourcesBuildPhase section */
		5F64A1A928D0CD3800019CF0 /* Sources */ = {
			isa = PBXSourcesBuildPhase;
			buildActionMask = 2147483647;
			files = (
				5F64A1E628D1562200019CF0 /* Team.swift in Sources */,
				5F64A1DF28D1505800019CF0 /* DetailViewController.swift in Sources */,
				5F64A1E128D153B600019CF0 /* DetailInteractor.swift in Sources */,
				5F64A1B528D0CD3800019CF0 /* HomeViewController.swift in Sources */,
				5F64A1CB28D0D1A700019CF0 /* HomeWorker.swift in Sources */,
				5F64A1E328D1540700019CF0 /* DetailPresenter.swift in Sources */,
				5F64A1B128D0CD3800019CF0 /* AppDelegate.swift in Sources */,
				5F64A1E828D1564100019CF0 /* SearchTeamResponse.swift in Sources */,
				5F64A1C928D0D0BF00019CF0 /* HomePresenter.swift in Sources */,
				5F64A1D428D1449800019CF0 /* LogoCell.swift in Sources */,
				5F64A1DC28D1500C00019CF0 /* HomeRouter.swift in Sources */,
				5F64A1C728D0D08A00019CF0 /* HomeInteractor.swift in Sources */,
				5F64A1B328D0CD3800019CF0 /* SceneDelegate.swift in Sources */,
			);
			runOnlyForDeploymentPostprocessing = 0;
		};
/* End PBXSourcesBuildPhase section */

/* Begin PBXVariantGroup section */
		5F64A1B628D0CD3800019CF0 /* Main.storyboard */ = {
			isa = PBXVariantGroup;
			children = (
				5F64A1B728D0CD3800019CF0 /* Base */,
			);
			name = Main.storyboard;
			sourceTree = "<group>";
		};
		5F64A1BB28D0CD3C00019CF0 /* LaunchScreen.storyboard */ = {
			isa = PBXVariantGroup;
			children = (
				5F64A1BC28D0CD3C00019CF0 /* Base */,
			);
			name = LaunchScreen.storyboard;
			sourceTree = "<group>";
		};
/* End PBXVariantGroup section */

/* Begin XCBuildConfiguration section */
		5F64A1BF28D0CD3C00019CF0 /* Debug */ = {
			isa = XCBuildConfiguration;
			buildSettings = {
				ALWAYS_SEARCH_USER_PATHS = NO;
				CLANG_ANALYZER_NONNULL = YES;
				CLANG_ANALYZER_NUMBER_OBJECT_CONVERSION = YES_AGGRESSIVE;
				CLANG_CXX_LANGUAGE_STANDARD = "gnu++17";
				CLANG_ENABLE_MODULES = YES;
				CLANG_ENABLE_OBJC_ARC = YES;
				CLANG_ENABLE_OBJC_WEAK = YES;
				CLANG_WARN_BLOCK_CAPTURE_AUTORELEASING = YES;
				CLANG_WARN_BOOL_CONVERSION = YES;
				CLANG_WARN_COMMA = YES;
				CLANG_WARN_CONSTANT_CONVERSION = YES;
				CLANG_WARN_DEPRECATED_OBJC_IMPLEMENTATIONS = YES;
				CLANG_WARN_DIRECT_OBJC_ISA_USAGE = YES_ERROR;
				CLANG_WARN_DOCUMENTATION_COMMENTS = YES;
				CLANG_WARN_EMPTY_BODY = YES;
				CLANG_WARN_ENUM_CONVERSION = YES;
				CLANG_WARN_INFINITE_RECURSION = YES;
				CLANG_WARN_INT_CONVERSION = YES;
				CLANG_WARN_NON_LITERAL_NULL_CONVERSION = YES;
				CLANG_WARN_OBJC_IMPLICIT_RETAIN_SELF = YES;
				CLANG_WARN_OBJC_LITERAL_CONVERSION = YES;
				CLANG_WARN_OBJC_ROOT_CLASS = YES_ERROR;
				CLANG_WARN_QUOTED_INCLUDE_IN_FRAMEWORK_HEADER = YES;
				CLANG_WARN_RANGE_LOOP_ANALYSIS = YES;
				CLANG_WARN_STRICT_PROTOTYPES = YES;
				CLANG_WARN_SUSPICIOUS_MOVE = YES;
				CLANG_WARN_UNGUARDED_AVAILABILITY = YES_AGGRESSIVE;
				CLANG_WARN_UNREACHABLE_CODE = YES;
				CLANG_WARN__DUPLICATE_METHOD_MATCH = YES;
				COPY_PHASE_STRIP = NO;
				DEBUG_INFORMATION_FORMAT = dwarf;
				ENABLE_STRICT_OBJC_MSGSEND = YES;
				ENABLE_TESTABILITY = YES;
				GCC_C_LANGUAGE_STANDARD = gnu11;
				GCC_DYNAMIC_NO_PIC = NO;
				GCC_NO_COMMON_BLOCKS = YES;
				GCC_OPTIMIZATION_LEVEL = 0;
				GCC_PREPROCESSOR_DEFINITIONS = (
					"DEBUG=1",
					"$(inherited)",
				);
				GCC_WARN_64_TO_32_BIT_CONVERSION = YES;
				GCC_WARN_ABOUT_RETURN_TYPE = YES_ERROR;
				GCC_WARN_UNDECLARED_SELECTOR = YES;
				GCC_WARN_UNINITIALIZED_AUTOS = YES_AGGRESSIVE;
				GCC_WARN_UNUSED_FUNCTION = YES;
				GCC_WARN_UNUSED_VARIABLE = YES;
				IPHONEOS_DEPLOYMENT_TARGET = 15.5;
				MTL_ENABLE_DEBUG_INFO = INCLUDE_SOURCE;
				MTL_FAST_MATH = YES;
				ONLY_ACTIVE_ARCH = YES;
				SDKROOT = iphoneos;
				SWIFT_ACTIVE_COMPILATION_CONDITIONS = DEBUG;
				SWIFT_OPTIMIZATION_LEVEL = "-Onone";
			};
			name = Debug;
		};
		5F64A1C028D0CD3C00019CF0 /* Release */ = {
			isa = XCBuildConfiguration;
			buildSettings = {
				ALWAYS_SEARCH_USER_PATHS = NO;
				CLANG_ANALYZER_NONNULL = YES;
				CLANG_ANALYZER_NUMBER_OBJECT_CONVERSION = YES_AGGRESSIVE;
				CLANG_CXX_LANGUAGE_STANDARD = "gnu++17";
				CLANG_ENABLE_MODULES = YES;
				CLANG_ENABLE_OBJC_ARC = YES;
				CLANG_ENABLE_OBJC_WEAK = YES;
				CLANG_WARN_BLOCK_CAPTURE_AUTORELEASING = YES;
				CLANG_WARN_BOOL_CONVERSION = YES;
				CLANG_WARN_COMMA = YES;
				CLANG_WARN_CONSTANT_CONVERSION = YES;
				CLANG_WARN_DEPRECATED_OBJC_IMPLEMENTATIONS = YES;
				CLANG_WARN_DIRECT_OBJC_ISA_USAGE = YES_ERROR;
				CLANG_WARN_DOCUMENTATION_COMMENTS = YES;
				CLANG_WARN_EMPTY_BODY = YES;
				CLANG_WARN_ENUM_CONVERSION = YES;
				CLANG_WARN_INFINITE_RECURSION = YES;
				CLANG_WARN_INT_CONVERSION = YES;
				CLANG_WARN_NON_LITERAL_NULL_CONVERSION = YES;
				CLANG_WARN_OBJC_IMPLICIT_RETAIN_SELF = YES;
				CLANG_WARN_OBJC_LITERAL_CONVERSION = YES;
				CLANG_WARN_OBJC_ROOT_CLASS = YES_ERROR;
				CLANG_WARN_QUOTED_INCLUDE_IN_FRAMEWORK_HEADER = YES;
				CLANG_WARN_RANGE_LOOP_ANALYSIS = YES;
				CLANG_WARN_STRICT_PROTOTYPES = YES;
				CLANG_WARN_SUSPICIOUS_MOVE = YES;
				CLANG_WARN_UNGUARDED_AVAILABILITY = YES_AGGRESSIVE;
				CLANG_WARN_UNREACHABLE_CODE = YES;
				CLANG_WARN__DUPLICATE_METHOD_MATCH = YES;
				COPY_PHASE_STRIP = NO;
				DEBUG_INFORMATION_FORMAT = "dwarf-with-dsym";
				ENABLE_NS_ASSERTIONS = NO;
				ENABLE_STRICT_OBJC_MSGSEND = YES;
				GCC_C_LANGUAGE_STANDARD = gnu11;
				GCC_NO_COMMON_BLOCKS = YES;
				GCC_WARN_64_TO_32_BIT_CONVERSION = YES;
				GCC_WARN_ABOUT_RETURN_TYPE = YES_ERROR;
				GCC_WARN_UNDECLARED_SELECTOR = YES;
				GCC_WARN_UNINITIALIZED_AUTOS = YES_AGGRESSIVE;
				GCC_WARN_UNUSED_FUNCTION = YES;
				GCC_WARN_UNUSED_VARIABLE = YES;
				IPHONEOS_DEPLOYMENT_TARGET = 15.5;
				MTL_ENABLE_DEBUG_INFO = NO;
				MTL_FAST_MATH = YES;
				SDKROOT = iphoneos;
				SWIFT_COMPILATION_MODE = wholemodule;
				SWIFT_OPTIMIZATION_LEVEL = "-O";
				VALIDATE_PRODUCT = YES;
			};
			name = Release;
		};
		5F64A1C228D0CD3C00019CF0 /* Debug */ = {
			isa = XCBuildConfiguration;
			buildSettings = {
				ASSETCATALOG_COMPILER_APPICON_NAME = AppIcon;
				ASSETCATALOG_COMPILER_GLOBAL_ACCENT_COLOR_NAME = AccentColor;
				CODE_SIGN_STYLE = Automatic;
				CURRENT_PROJECT_VERSION = 1;
				DEVELOPMENT_TEAM = BAJCWWQ6Q6;
				GENERATE_INFOPLIST_FILE = YES;
				INFOPLIST_FILE = FDJTest/Info.plist;
				INFOPLIST_KEY_UIApplicationSupportsIndirectInputEvents = YES;
				INFOPLIST_KEY_UILaunchStoryboardName = LaunchScreen;
				INFOPLIST_KEY_UISupportedInterfaceOrientations_iPad = "UIInterfaceOrientationPortrait UIInterfaceOrientationPortraitUpsideDown UIInterfaceOrientationLandscapeLeft UIInterfaceOrientationLandscapeRight";
				INFOPLIST_KEY_UISupportedInterfaceOrientations_iPhone = "UIInterfaceOrientationPortrait UIInterfaceOrientationLandscapeLeft UIInterfaceOrientationLandscapeRight";
				LD_RUNPATH_SEARCH_PATHS = (
					"$(inherited)",
					"@executable_path/Frameworks",
				);
				MARKETING_VERSION = 1.0;
				PRODUCT_BUNDLE_IDENTIFIER = centmoinshuit.FDJTest;
				PRODUCT_NAME = "$(TARGET_NAME)";
				SWIFT_EMIT_LOC_STRINGS = YES;
				SWIFT_VERSION = 5.0;
				TARGETED_DEVICE_FAMILY = "1,2";
			};
			name = Debug;
		};
		5F64A1C328D0CD3C00019CF0 /* Release */ = {
			isa = XCBuildConfiguration;
			buildSettings = {
				ASSETCATALOG_COMPILER_APPICON_NAME = AppIcon;
				ASSETCATALOG_COMPILER_GLOBAL_ACCENT_COLOR_NAME = AccentColor;
				CODE_SIGN_STYLE = Automatic;
				CURRENT_PROJECT_VERSION = 1;
				DEVELOPMENT_TEAM = BAJCWWQ6Q6;
				GENERATE_INFOPLIST_FILE = YES;
				INFOPLIST_FILE = FDJTest/Info.plist;
				INFOPLIST_KEY_UIApplicationSupportsIndirectInputEvents = YES;
				INFOPLIST_KEY_UILaunchStoryboardName = LaunchScreen;
				INFOPLIST_KEY_UISupportedInterfaceOrientations_iPad = "UIInterfaceOrientationPortrait UIInterfaceOrientationPortraitUpsideDown UIInterfaceOrientationLandscapeLeft UIInterfaceOrientationLandscapeRight";
				INFOPLIST_KEY_UISupportedInterfaceOrientations_iPhone = "UIInterfaceOrientationPortrait UIInterfaceOrientationLandscapeLeft UIInterfaceOrientationLandscapeRight";
				LD_RUNPATH_SEARCH_PATHS = (
					"$(inherited)",
					"@executable_path/Frameworks",
				);
				MARKETING_VERSION = 1.0;
				PRODUCT_BUNDLE_IDENTIFIER = centmoinshuit.FDJTest;
				PRODUCT_NAME = "$(TARGET_NAME)";
				SWIFT_EMIT_LOC_STRINGS = YES;
				SWIFT_VERSION = 5.0;
				TARGETED_DEVICE_FAMILY = "1,2";
			};
			name = Release;
		};
/* End XCBuildConfiguration section */

/* Begin XCConfigurationList section */
		5F64A1A828D0CD3800019CF0 /* Build configuration list for PBXProject "FDJTest" */ = {
			isa = XCConfigurationList;
			buildConfigurations = (
				5F64A1BF28D0CD3C00019CF0 /* Debug */,
				5F64A1C028D0CD3C00019CF0 /* Release */,
			);
			defaultConfigurationIsVisible = 0;
			defaultConfigurationName = Release;
		};
		5F64A1C128D0CD3C00019CF0 /* Build configuration list for PBXNativeTarget "FDJTest" */ = {
			isa = XCConfigurationList;
			buildConfigurations = (
				5F64A1C228D0CD3C00019CF0 /* Debug */,
				5F64A1C328D0CD3C00019CF0 /* Release */,
			);
			defaultConfigurationIsVisible = 0;
			defaultConfigurationName = Release;
		};
/* End XCConfigurationList section */

/* Begin XCRemoteSwiftPackageReference section */
		5F64A1CC28D0D26300019CF0 /* XCRemoteSwiftPackageReference "Alamofire" */ = {
			isa = XCRemoteSwiftPackageReference;
			repositoryURL = "https://github.com/Alamofire/Alamofire";
			requirement = {
				kind = upToNextMajorVersion;
				minimumVersion = 5.0.0;
			};
		};
		5F64A1D528D145D500019CF0 /* XCRemoteSwiftPackageReference "SDWebImage" */ = {
			isa = XCRemoteSwiftPackageReference;
			repositoryURL = "https://github.com/SDWebImage/SDWebImage.git";
			requirement = {
				branch = master;
				kind = branch;
			};
		};
/* End XCRemoteSwiftPackageReference section */

/* Begin XCSwiftPackageProductDependency section */
		5F64A1CD28D0D26300019CF0 /* Alamofire */ = {
			isa = XCSwiftPackageProductDependency;
			package = 5F64A1CC28D0D26300019CF0 /* XCRemoteSwiftPackageReference "Alamofire" */;
			productName = Alamofire;
		};
		5F64A1D628D145D500019CF0 /* SDWebImage */ = {
			isa = XCSwiftPackageProductDependency;
			package = 5F64A1D528D145D500019CF0 /* XCRemoteSwiftPackageReference "SDWebImage" */;
			productName = SDWebImage;
		};
/* End XCSwiftPackageProductDependency section */
	};
	rootObject = 5F64A1A528D0CD3800019CF0 /* Project object */;
}
